
Microsoft Visual Studio Solution File, Format Version 12.00
# Visual Studio Version 16
VisualStudioVersion = 16.0.30330.147
MinimumVisualStudioVersion = 10.0.40219.1
Project("{FAE04EC0-301F-11D3-BF4B-00C04F79EFBC}") = "урок 7", "урок 7\урок 7.csproj", "{79175D1A-A475-4A2B-B89F-E8F0A36AF809}"
EndProject
Project("{FAE04EC0-301F-11D3-BF4B-00C04F79EFBC}") = "урок 8", "урок 8\урок 8.csproj", "{AC4053BF-F524-4187-A978-2CFBB2B02D47}"
EndProject
Project("{FAE04EC0-301F-11D3-BF4B-00C04F79EFBC}") = "урок 9", "урок 9\урок 9.csproj", "{959E97FD-F34C-4839-A55B-8A1FB5D836B3}"
EndProject
Project("{FAE04EC0-301F-11D3-BF4B-00C04F79EFBC}") = "урок 11", "урок 11\урок 11.csproj", "{84A5002A-EFA1-452F-9E62-EC6754A4BECA}"
EndProject
Project("{FAE04EC0-301F-11D3-BF4B-00C04F79EFBC}") = "Урок 12", "Урок 12\Урок 12.csproj", "{225E6538-3FEF-4E4B-8778-04DBF52E3B66}"
EndProject
Project("{FAE04EC0-301F-11D3-BF4B-00C04F79EFBC}") = "урок 13", "урок 13\урок 13.csproj", "{4CA394DD-F65D-4664-A1F4-3F449A2D7830}"
EndProject
Global
	GlobalSection(SolutionConfigurationPlatforms) = preSolution
		Debug|Any CPU = Debug|Any CPU
		Release|Any CPU = Release|Any CPU
	EndGlobalSection
	GlobalSection(ProjectConfigurationPlatforms) = postSolution
		{79175D1A-A475-4A2B-B89F-E8F0A36AF809}.Debug|Any CPU.ActiveCfg = Debug|Any CPU
		{79175D1A-A475-4A2B-B89F-E8F0A36AF809}.Debug|Any CPU.Build.0 = Debug|Any CPU
		{79175D1A-A475-4A2B-B89F-E8F0A36AF809}.Release|Any CPU.ActiveCfg = Release|Any CPU
		{79175D1A-A475-4A2B-B89F-E8F0A36AF809}.Release|Any CPU.Build.0 = Release|Any CPU
		{AC4053BF-F524-4187-A978-2CFBB2B02D47}.Debug|Any CPU.ActiveCfg = Debug|Any CPU
		{AC4053BF-F524-4187-A978-2CFBB2B02D47}.Debug|Any CPU.Build.0 = Debug|Any CPU
		{AC4053BF-F524-4187-A978-2CFBB2B02D47}.Release|Any CPU.ActiveCfg = Release|Any CPU
		{AC4053BF-F524-4187-A978-2CFBB2B02D47}.Release|Any CPU.Build.0 = Release|Any CPU
		{959E97FD-F34C-4839-A55B-8A1FB5D836B3}.Debug|Any CPU.ActiveCfg = Debug|Any CPU
		{959E97FD-F34C-4839-A55B-8A1FB5D836B3}.Debug|Any CPU.Build.0 = Debug|Any CPU
		{959E97FD-F34C-4839-A55B-8A1FB5D836B3}.Release|Any CPU.ActiveCfg = Release|Any CPU
		{959E97FD-F34C-4839-A55B-8A1FB5D836B3}.Release|Any CPU.Build.0 = Release|Any CPU
		{84A5002A-EFA1-452F-9E62-EC6754A4BECA}.Debug|Any CPU.ActiveCfg = Debug|Any CPU
		{84A5002A-EFA1-452F-9E62-EC6754A4BECA}.Debug|Any CPU.Build.0 = Debug|Any CPU
		{84A5002A-EFA1-452F-9E62-EC6754A4BECA}.Release|Any CPU.ActiveCfg = Release|Any CPU
		{84A5002A-EFA1-452F-9E62-EC6754A4BECA}.Release|Any CPU.Build.0 = Release|Any CPU
		{225E6538-3FEF-4E4B-8778-04DBF52E3B66}.Debug|Any CPU.ActiveCfg = Debug|Any CPU
		{225E6538-3FEF-4E4B-8778-04DBF52E3B66}.Debug|Any CPU.Build.0 = Debug|Any CPU
		{225E6538-3FEF-4E4B-8778-04DBF52E3B66}.Release|Any CPU.ActiveCfg = Release|Any CPU
		{225E6538-3FEF-4E4B-8778-04DBF52E3B66}.Release|Any CPU.Build.0 = Release|Any CPU
		{4CA394DD-F65D-4664-A1F4-3F449A2D7830}.Debug|Any CPU.ActiveCfg = Debug|Any CPU
		{4CA394DD-F65D-4664-A1F4-3F449A2D7830}.Debug|Any CPU.Build.0 = Debug|Any CPU
		{4CA394DD-F65D-4664-A1F4-3F449A2D7830}.Release|Any CPU.ActiveCfg = Release|Any CPU
		{4CA394DD-F65D-4664-A1F4-3F449A2D7830}.Release|Any CPU.Build.0 = Release|Any CPU
	EndGlobalSection
	GlobalSection(SolutionProperties) = preSolution
		HideSolutionNode = FALSE
	EndGlobalSection
	GlobalSection(ExtensibilityGlobals) = postSolution
		SolutionGuid = {952A6067-0A6A-4778-812F-A0B7E14D84D7}
	EndGlobalSection
EndGlobal
